
Microsoft Visual Studio Solution File, Format Version 12.00
# Visual Studio 15
VisualStudioVersion = 15.0.26730.12
MinimumVisualStudioVersion = 10.0.40219.1
Project("{8BC9CEB8-8B4A-11D0-8D11-00A0C91BC942}") = "TryAgain", "TryAgain\TryAgain.vcxproj", "{AA347A08-189B-4E03-8287-449833E139C8}"
EndProject
Project("{8BC9CEB8-8B4A-11D0-8D11-00A0C91BC942}") = "OpenPassDLL", "OpenPassDLL\OpenPassDLL.vcxproj", "{1674FA43-1810-4125-8F45-8B63B1557E51}"
EndProject
Global
	GlobalSection(SolutionConfigurationPlatforms) = preSolution
		Debug|x64 = Debug|x64
		Debug|x86 = Debug|x86
		Release|x64 = Release|x64
		Release|x86 = Release|x86
	EndGlobalSection
	GlobalSection(ProjectConfigurationPlatforms) = postSolution
		{AA347A08-189B-4E03-8287-449833E139C8}.Debug|x64.ActiveCfg = Debug|x64
		{AA347A08-189B-4E03-8287-449833E139C8}.Debug|x64.Build.0 = Debug|x64
		{AA347A08-189B-4E03-8287-449833E139C8}.Debug|x86.ActiveCfg = Debug|Win32
		{AA347A08-189B-4E03-8287-449833E139C8}.Debug|x86.Build.0 = Debug|Win32
		{AA347A08-189B-4E03-8287-449833E139C8}.Release|x64.ActiveCfg = Release|x64
		{AA347A08-189B-4E03-8287-449833E139C8}.Release|x64.Build.0 = Release|x64
		{AA347A08-189B-4E03-8287-449833E139C8}.Release|x86.ActiveCfg = Release|Win32
		{AA347A08-189B-4E03-8287-449833E139C8}.Release|x86.Build.0 = Release|Win32
		{1674FA43-1810-4125-8F45-8B63B1557E51}.Debug|x64.ActiveCfg = Debug|x64
		{1674FA43-1810-4125-8F45-8B63B1557E51}.Debug|x64.Build.0 = Debug|x64
		{1674FA43-1810-4125-8F45-8B63B1557E51}.Debug|x86.ActiveCfg = Debug|Win32
		{1674FA43-1810-4125-8F45-8B63B1557E51}.Debug|x86.Build.0 = Debug|Win32
		{1674FA43-1810-4125-8F45-8B63B1557E51}.Release|x64.ActiveCfg = Release|x64
		{1674FA43-1810-4125-8F45-8B63B1557E51}.Release|x64.Build.0 = Release|x64
		{1674FA43-1810-4125-8F45-8B63B1557E51}.Release|x86.ActiveCfg = Release|Win32
		{1674FA43-1810-4125-8F45-8B63B1557E51}.Release|x86.Build.0 = Release|Win32
	EndGlobalSection
	GlobalSection(SolutionProperties) = preSolution
		HideSolutionNode = FALSE
	EndGlobalSection
	GlobalSection(ExtensibilityGlobals) = postSolution
		SolutionGuid = {44D71D1E-8134-43E2-96C7-BA1BBDDD5EF5}
	EndGlobalSection
EndGlobal
