
Microsoft Visual Studio Solution File, Format Version 12.00
# Visual Studio 15
VisualStudioVersion = 15.0.26730.12
MinimumVisualStudioVersion = 10.0.40219.1
Project("{FAE04EC0-301F-11D3-BF4B-00C04F79EFBC}") = "SecurityPolicy", "SecurityPolicy\SecurityPolicy.csproj", "{213F9708-7A0A-488D-8EA0-781C7242C803}"
EndProject
Global
	GlobalSection(SolutionConfigurationPlatforms) = preSolution
		Debug|Any CPU = Debug|Any CPU
		Release|Any CPU = Release|Any CPU
	EndGlobalSection
	GlobalSection(ProjectConfigurationPlatforms) = postSolution
		{213F9708-7A0A-488D-8EA0-781C7242C803}.Debug|Any CPU.ActiveCfg = Debug|Any CPU
		{213F9708-7A0A-488D-8EA0-781C7242C803}.Debug|Any CPU.Build.0 = Debug|Any CPU
		{213F9708-7A0A-488D-8EA0-781C7242C803}.Release|Any CPU.ActiveCfg = Release|Any CPU
		{213F9708-7A0A-488D-8EA0-781C7242C803}.Release|Any CPU.Build.0 = Release|Any CPU
	EndGlobalSection
	GlobalSection(SolutionProperties) = preSolution
		HideSolutionNode = FALSE
	EndGlobalSection
	GlobalSection(ExtensibilityGlobals) = postSolution
		SolutionGuid = {33873073-9F2A-498C-B934-D5A26D8F2B11}
	EndGlobalSection
EndGlobal
