
Microsoft Visual Studio Solution File, Format Version 12.00
# Visual Studio 15
VisualStudioVersion = 15.0.26730.12
MinimumVisualStudioVersion = 10.0.40219.1
Project("{FAE04EC0-301F-11D3-BF4B-00C04F79EFBC}") = "PasswordGenerator", "PasswordGenerator\PasswordGenerator.csproj", "{A8D5A7AD-A761-4A07-829C-C38734862C1D}"
EndProject
Global
	GlobalSection(SolutionConfigurationPlatforms) = preSolution
		Debug|Any CPU = Debug|Any CPU
		Release|Any CPU = Release|Any CPU
	EndGlobalSection
	GlobalSection(ProjectConfigurationPlatforms) = postSolution
		{A8D5A7AD-A761-4A07-829C-C38734862C1D}.Debug|Any CPU.ActiveCfg = Debug|Any CPU
		{A8D5A7AD-A761-4A07-829C-C38734862C1D}.Debug|Any CPU.Build.0 = Debug|Any CPU
		{A8D5A7AD-A761-4A07-829C-C38734862C1D}.Release|Any CPU.ActiveCfg = Release|Any CPU
		{A8D5A7AD-A761-4A07-829C-C38734862C1D}.Release|Any CPU.Build.0 = Release|Any CPU
	EndGlobalSection
	GlobalSection(SolutionProperties) = preSolution
		HideSolutionNode = FALSE
	EndGlobalSection
	GlobalSection(ExtensibilityGlobals) = postSolution
		SolutionGuid = {A8978C5B-E7A8-42AB-AFF7-4C50E62B6621}
	EndGlobalSection
EndGlobal
